
Microsoft Visual Studio Solution File, Format Version 12.00
# Visual Studio Version 17
VisualStudioVersion = 17.8.34330.188
MinimumVisualStudioVersion = 10.0.40219.1
Project("{9A19103F-16F7-4668-BE54-9A1E7A4F7556}") = "QuickCart.DataAccess", "QuickCart.DataAccess\QuickCart.DataAccess.csproj", "{1FD8203C-17C4-41DB-9289-00463AFA0FE0}"
EndProject
Project("{9A19103F-16F7-4668-BE54-9A1E7A4F7556}") = "QuickCart.Domain", "QuickCart.Domain\QuickCart.Domain.csproj", "{29082939-241E-4EB6-ADAB-40921AD7DB6A}"
EndProject
Project("{9A19103F-16F7-4668-BE54-9A1E7A4F7556}") = "QuickCart.Web", "QuickCart.Web\QuickCart.Web.csproj", "{6DE703A7-32DD-415F-B448-D89A1876CE7F}"
EndProject
Project("{9A19103F-16F7-4668-BE54-9A1E7A4F7556}") = "QuickCart.Services", "QuickCart.Services\QuickCart.Services.csproj", "{8B5A1A08-13C9-44E2-A310-BD52C0A3FE30}"
EndProject
Project("{FAE04EC0-301F-11D3-BF4B-00C04F79EFBC}") = "QuickCart.Repo", "QuickCart.Repo\QuickCart.Repo.csproj", "{01448FF1-F4B7-426A-B7DF-3F98BB739195}"
EndProject
Global
	GlobalSection(SolutionConfigurationPlatforms) = preSolution
		Debug|Any CPU = Debug|Any CPU
		Release|Any CPU = Release|Any CPU
	EndGlobalSection
	GlobalSection(ProjectConfigurationPlatforms) = postSolution
		{1FD8203C-17C4-41DB-9289-00463AFA0FE0}.Debug|Any CPU.ActiveCfg = Debug|Any CPU
		{1FD8203C-17C4-41DB-9289-00463AFA0FE0}.Debug|Any CPU.Build.0 = Debug|Any CPU
		{1FD8203C-17C4-41DB-9289-00463AFA0FE0}.Release|Any CPU.ActiveCfg = Release|Any CPU
		{1FD8203C-17C4-41DB-9289-00463AFA0FE0}.Release|Any CPU.Build.0 = Release|Any CPU
		{29082939-241E-4EB6-ADAB-40921AD7DB6A}.Debug|Any CPU.ActiveCfg = Debug|Any CPU
		{29082939-241E-4EB6-ADAB-40921AD7DB6A}.Debug|Any CPU.Build.0 = Debug|Any CPU
		{29082939-241E-4EB6-ADAB-40921AD7DB6A}.Release|Any CPU.ActiveCfg = Release|Any CPU
		{29082939-241E-4EB6-ADAB-40921AD7DB6A}.Release|Any CPU.Build.0 = Release|Any CPU
		{6DE703A7-32DD-415F-B448-D89A1876CE7F}.Debug|Any CPU.ActiveCfg = Debug|Any CPU
		{6DE703A7-32DD-415F-B448-D89A1876CE7F}.Debug|Any CPU.Build.0 = Debug|Any CPU
		{6DE703A7-32DD-415F-B448-D89A1876CE7F}.Release|Any CPU.ActiveCfg = Release|Any CPU
		{6DE703A7-32DD-415F-B448-D89A1876CE7F}.Release|Any CPU.Build.0 = Release|Any CPU
		{8B5A1A08-13C9-44E2-A310-BD52C0A3FE30}.Debug|Any CPU.ActiveCfg = Debug|Any CPU
		{8B5A1A08-13C9-44E2-A310-BD52C0A3FE30}.Debug|Any CPU.Build.0 = Debug|Any CPU
		{8B5A1A08-13C9-44E2-A310-BD52C0A3FE30}.Release|Any CPU.ActiveCfg = Release|Any CPU
		{8B5A1A08-13C9-44E2-A310-BD52C0A3FE30}.Release|Any CPU.Build.0 = Release|Any CPU
		{01448FF1-F4B7-426A-B7DF-3F98BB739195}.Debug|Any CPU.ActiveCfg = Debug|Any CPU
		{01448FF1-F4B7-426A-B7DF-3F98BB739195}.Debug|Any CPU.Build.0 = Debug|Any CPU
		{01448FF1-F4B7-426A-B7DF-3F98BB739195}.Release|Any CPU.ActiveCfg = Release|Any CPU
		{01448FF1-F4B7-426A-B7DF-3F98BB739195}.Release|Any CPU.Build.0 = Release|Any CPU
	EndGlobalSection
	GlobalSection(SolutionProperties) = preSolution
		HideSolutionNode = FALSE
	EndGlobalSection
	GlobalSection(ExtensibilityGlobals) = postSolution
		SolutionGuid = {94D74D5F-B8F4-464E-9F59-E15379A68C8C}
	EndGlobalSection
EndGlobal
